
Microsoft Visual Studio Solution File, Format Version 12.00
# Visual Studio Version 16
VisualStudioVersion = 16.0.30907.101
MinimumVisualStudioVersion = 10.0.40219.1
Project("{FAE04EC0-301F-11D3-BF4B-00C04F79EFBC}") = "Modular Equation", "Modular Equation\Modular Equation.csproj", "{E790B963-2328-4E63-9906-54D44D195374}"
EndProject
Project("{FAE04EC0-301F-11D3-BF4B-00C04F79EFBC}") = "Modular Linear Equation", "Modular Linear Equation\Modular Linear Equation.csproj", "{8D215D90-9159-41BA-A607-AA4185594A4A}"
EndProject
Global
	GlobalSection(SolutionConfigurationPlatforms) = preSolution
		Debug|Any CPU = Debug|Any CPU
		Release|Any CPU = Release|Any CPU
	EndGlobalSection
	GlobalSection(ProjectConfigurationPlatforms) = postSolution
		{E790B963-2328-4E63-9906-54D44D195374}.Debug|Any CPU.ActiveCfg = Debug|Any CPU
		{E790B963-2328-4E63-9906-54D44D195374}.Debug|Any CPU.Build.0 = Debug|Any CPU
		{E790B963-2328-4E63-9906-54D44D195374}.Release|Any CPU.ActiveCfg = Release|Any CPU
		{E790B963-2328-4E63-9906-54D44D195374}.Release|Any CPU.Build.0 = Release|Any CPU
		{8D215D90-9159-41BA-A607-AA4185594A4A}.Debug|Any CPU.ActiveCfg = Debug|Any CPU
		{8D215D90-9159-41BA-A607-AA4185594A4A}.Debug|Any CPU.Build.0 = Debug|Any CPU
		{8D215D90-9159-41BA-A607-AA4185594A4A}.Release|Any CPU.ActiveCfg = Release|Any CPU
		{8D215D90-9159-41BA-A607-AA4185594A4A}.Release|Any CPU.Build.0 = Release|Any CPU
	EndGlobalSection
	GlobalSection(SolutionProperties) = preSolution
		HideSolutionNode = FALSE
	EndGlobalSection
	GlobalSection(ExtensibilityGlobals) = postSolution
		SolutionGuid = {9C8D4F5C-8B24-4F7C-A242-778B5D4E3725}
	EndGlobalSection
EndGlobal
